// !$*UTF8*$!
{
	archiveVersion = 1;
	classes = {
	};
	objectVersion = 46;
	objects = {

/* Begin PBXBuildFile section */
		086FBFBC18E0F1BD0012516F /* Foundation.framework in Frameworks */ = {isa = PBXBuildFile; fileRef = 086FBFBB18E0F1BD0012516F /* Foundation.framework */; };
		086FBFBE18E0F1BD0012516F /* CoreGraphics.framework in Frameworks */ = {isa = PBXBuildFile; fileRef = 086FBFBD18E0F1BD0012516F /* CoreGraphics.framework */; };
		086FBFC018E0F1BD0012516F /* UIKit.framework in Frameworks */ = {isa = PBXBuildFile; fileRef = 086FBFBF18E0F1BD0012516F /* UIKit.framework */; };
		086FBFC618E0F1BD0012516F /* InfoPlist.strings in Resources */ = {isa = PBXBuildFile; fileRef = 086FBFC418E0F1BD0012516F /* InfoPlist.strings */; };
		086FBFC818E0F1BD0012516F /* main.m in Sources */ = {isa = PBXBuildFile; fileRef = 086FBFC718E0F1BD0012516F /* main.m */; };
		086FBFCC18E0F1BD0012516F /* MSAppDelegate.m in Sources */ = {isa = PBXBuildFile; fileRef = 086FBFCB18E0F1BD0012516F /* MSAppDelegate.m */; };
		086FBFCF18E0F1BD0012516F /* Main.storyboard in Resources */ = {isa = PBXBuildFile; fileRef = 086FBFCD18E0F1BD0012516F /* Main.storyboard */; };
		086FBFD218E0F1BD0012516F /* MSViewController.m in Sources */ = {isa = PBXBuildFile; fileRef = 086FBFD118E0F1BD0012516F /* MSViewController.m */; };
		086FBFD418E0F1BD0012516F /* Images.xcassets in Resources */ = {isa = PBXBuildFile; fileRef = 086FBFD318E0F1BD0012516F /* Images.xcassets */; };
		086FBFDB18E0F1BD0012516F /* XCTest.framework in Frameworks */ = {isa = PBXBuildFile; fileRef = 086FBFDA18E0F1BD0012516F /* XCTest.framework */; };
		086FBFDC18E0F1BD0012516F /* Foundation.framework in Frameworks */ = {isa = PBXBuildFile; fileRef = 086FBFBB18E0F1BD0012516F /* Foundation.framework */; };
		086FBFDD18E0F1BD0012516F /* UIKit.framework in Frameworks */ = {isa = PBXBuildFile; fileRef = 086FBFBF18E0F1BD0012516F /* UIKit.framework */; };
		086FBFE518E0F1BD0012516F /* InfoPlist.strings in Resources */ = {isa = PBXBuildFile; fileRef = 086FBFE318E0F1BD0012516F /* InfoPlist.strings */; };
		086FBFE718E0F1BD0012516F /* LaikaTests.m in Sources */ = {isa = PBXBuildFile; fileRef = 086FBFE618E0F1BD0012516F /* LaikaTests.m */; };
		086FBFF118E0F2CA0012516F /* laikBackground.jpg in Resources */ = {isa = PBXBuildFile; fileRef = 086FBFF018E0F2CA0012516F /* laikBackground.jpg */; };
/* End PBXBuildFile section */

/* Begin PBXContainerItemProxy section */
		086FBFDE18E0F1BD0012516F /* PBXContainerItemProxy */ = {
			isa = PBXContainerItemProxy;
			containerPortal = 086FBFB018E0F1BD0012516F /* Project object */;
			proxyType = 1;
			remoteGlobalIDString = 086FBFB718E0F1BD0012516F;
			remoteInfo = Laika;
		};
/* End PBXContainerItemProxy section */

/* Begin PBXFileReference section */
		086FBFB818E0F1BD0012516F /* Laika.app */ = {isa = PBXFileReference; explicitFileType = wrapper.application; includeInIndex = 0; path = Laika.app; sourceTree = BUILT_PRODUCTS_DIR; };
		086FBFBB18E0F1BD0012516F /* Foundation.framework */ = {isa = PBXFileReference; lastKnownFileType = wrapper.framework; name = Foundation.framework; path = System/Library/Frameworks/Foundation.framework; sourceTree = SDKROOT; };
		086FBFBD18E0F1BD0012516F /* CoreGraphics.framework */ = {isa = PBXFileReference; lastKnownFileType = wrapper.framework; name = CoreGraphics.framework; path = System/Library/Frameworks/CoreGraphics.framework; sourceTree = SDKROOT; };
		086FBFBF18E0F1BD0012516F /* UIKit.framework */ = {isa = PBXFileReference; lastKnownFileType = wrapper.framework; name = UIKit.framework; path = System/Library/Frameworks/UIKit.framework; sourceTree = SDKROOT; };
		086FBFC318E0F1BD0012516F /* Laika-Info.plist */ = {isa = PBXFileReference; lastKnownFileType = text.plist.xml; path = "Laika-Info.plist"; sourceTree = "<group>"; };
		086FBFC518E0F1BD0012516F /* en */ = {isa = PBXFileReference; lastKnownFileType = text.plist.strings; name = en; path = en.lproj/InfoPlist.strings; sourceTree = "<group>"; };
		086FBFC718E0F1BD0012516F /* main.m */ = {isa = PBXFileReference; lastKnownFileType = sourcecode.c.objc; path = main.m; sourceTree = "<group>"; };
		086FBFC918E0F1BD0012516F /* Laika-Prefix.pch */ = {isa = PBXFileReference; lastKnownFileType = sourcecode.c.h; path = "Laika-Prefix.pch"; sourceTree = "<group>"; };
		086FBFCA18E0F1BD0012516F /* MSAppDelegate.h */ = {isa = PBXFileReference; lastKnownFileType = sourcecode.c.h; path = MSAppDelegate.h; sourceTree = "<group>"; };
		086FBFCB18E0F1BD0012516F /* MSAppDelegate.m */ = {isa = PBXFileReference; lastKnownFileType = sourcecode.c.objc; path = MSAppDelegate.m; sourceTree = "<group>"; };
		086FBFCE18E0F1BD0012516F /* Base */ = {isa = PBXFileReference; lastKnownFileType = file.storyboard; name = Base; path = Base.lproj/Main.storyboard; sourceTree = "<group>"; };
		086FBFD018E0F1BD0012516F /* MSViewController.h */ = {isa = PBXFileReference; lastKnownFileType = sourcecode.c.h; path = MSViewController.h; sourceTree = "<group>"; };
		086FBFD118E0F1BD0012516F /* MSViewController.m */ = {isa = PBXFileReference; lastKnownFileType = sourcecode.c.objc; path = MSViewController.m; sourceTree = "<group>"; };
		086FBFD318E0F1BD0012516F /* Images.xcassets */ = {isa = PBXFileReference; lastKnownFileType = folder.assetcatalog; path = Images.xcassets; sourceTree = "<group>"; };
		086FBFD918E0F1BD0012516F /* LaikaTests.xctest */ = {isa = PBXFileReference; explicitFileType = wrapper.cfbundle; includeInIndex = 0; path = LaikaTests.xctest; sourceTree = BUILT_PRODUCTS_DIR; };
		086FBFDA18E0F1BD0012516F /* XCTest.framework */ = {isa = PBXFileReference; lastKnownFileType = wrapper.framework; name = XCTest.framework; path = Library/Frameworks/XCTest.framework; sourceTree = DEVELOPER_DIR; };
		086FBFE218E0F1BD0012516F /* LaikaTests-Info.plist */ = {isa = PBXFileReference; lastKnownFileType = text.plist.xml; path = "LaikaTests-Info.plist"; sourceTree = "<group>"; };
		086FBFE418E0F1BD0012516F /* en */ = {isa = PBXFileReference; lastKnownFileType = text.plist.strings; name = en; path = en.lproj/InfoPlist.strings; sourceTree = "<group>"; };
		086FBFE618E0F1BD0012516F /* LaikaTests.m */ = {isa = PBXFileReference; lastKnownFileType = sourcecode.c.objc; path = LaikaTests.m; sourceTree = "<group>"; };
		086FBFF018E0F2CA0012516F /* laikBackground.jpg */ = {isa = PBXFileReference; lastKnownFileType = image.jpeg; path = laikBackground.jpg; sourceTree = "<group>"; };
/* End PBXFileReference section */

/* Begin PBXFrameworksBuildPhase section */
		086FBFB518E0F1BD0012516F /* Frameworks */ = {
			isa = PBXFrameworksBuildPhase;
			buildActionMask = 2147483647;
			files = (
				086FBFBE18E0F1BD0012516F /* CoreGraphics.framework in Frameworks */,
				086FBFC018E0F1BD0012516F /* UIKit.framework in Frameworks */,
				086FBFBC18E0F1BD0012516F /* Foundation.framework in Frameworks */,
			);
			runOnlyForDeploymentPostprocessing = 0;
		};
		086FBFD618E0F1BD0012516F /* Frameworks */ = {
			isa = PBXFrameworksBuildPhase;
			buildActionMask = 2147483647;
			files = (
				086FBFDB18E0F1BD0012516F /* XCTest.framework in Frameworks */,
				086FBFDD18E0F1BD0012516F /* UIKit.framework in Frameworks */,
				086FBFDC18E0F1BD0012516F /* Foundation.framework in Frameworks */,
			);
			runOnlyForDeploymentPostprocessing = 0;
		};
/* End PBXFrameworksBuildPhase section */

/* Begin PBXGroup section */
		086FBFAF18E0F1BD0012516F = {
			isa = PBXGroup;
			children = (
				086FBFC118E0F1BD0012516F /* Laika */,
				086FBFE018E0F1BD0012516F /* LaikaTests */,
				086FBFBA18E0F1BD0012516F /* Frameworks */,
				086FBFB918E0F1BD0012516F /* Products */,
			);
			sourceTree = "<group>";
		};
		086FBFB918E0F1BD0012516F /* Products */ = {
			isa = PBXGroup;
			children = (
				086FBFB818E0F1BD0012516F /* Laika.app */,
				086FBFD918E0F1BD0012516F /* LaikaTests.xctest */,
			);
			name = Products;
			sourceTree = "<group>";
		};
		086FBFBA18E0F1BD0012516F /* Frameworks */ = {
			isa = PBXGroup;
			children = (
				086FBFBB18E0F1BD0012516F /* Foundation.framework */,
				086FBFBD18E0F1BD0012516F /* CoreGraphics.framework */,
				086FBFBF18E0F1BD0012516F /* UIKit.framework */,
				086FBFDA18E0F1BD0012516F /* XCTest.framework */,
			);
			name = Frameworks;
			sourceTree = "<group>";
		};
		086FBFC118E0F1BD0012516F /* Laika */ = {
			isa = PBXGroup;
			children = (
				086FBFCA18E0F1BD0012516F /* MSAppDelegate.h */,
				086FBFCB18E0F1BD0012516F /* MSAppDelegate.m */,
				086FBFCD18E0F1BD0012516F /* Main.storyboard */,
				086FBFD018E0F1BD0012516F /* MSViewController.h */,
				086FBFD118E0F1BD0012516F /* MSViewController.m */,
				086FBFD318E0F1BD0012516F /* Images.xcassets */,
				086FBFC218E0F1BD0012516F /* Supporting Files */,
			);
			path = Laika;
			sourceTree = "<group>";
		};
		086FBFC218E0F1BD0012516F /* Supporting Files */ = {
			isa = PBXGroup;
			children = (
				086FBFF018E0F2CA0012516F /* laikBackground.jpg */,
				086FBFC318E0F1BD0012516F /* Laika-Info.plist */,
				086FBFC418E0F1BD0012516F /* InfoPlist.strings */,
				086FBFC718E0F1BD0012516F /* main.m */,
				086FBFC918E0F1BD0012516F /* Laika-Prefix.pch */,
			);
			name = "Supporting Files";
			sourceTree = "<group>";
		};
		086FBFE018E0F1BD0012516F /* LaikaTests */ = {
			isa = PBXGroup;
			children = (
				086FBFE618E0F1BD0012516F /* LaikaTests.m */,
				086FBFE118E0F1BD0012516F /* Supporting Files */,
			);
			path = LaikaTests;
			sourceTree = "<group>";
		};
		086FBFE118E0F1BD0012516F /* Supporting Files */ = {
			isa = PBXGroup;
			children = (
				086FBFE218E0F1BD0012516F /* LaikaTests-Info.plist */,
				086FBFE318E0F1BD0012516F /* InfoPlist.strings */,
			);
			name = "Supporting Files";
			sourceTree = "<group>";
		};
/* End PBXGroup section */

/* Begin PBXNativeTarget section */
		086FBFB718E0F1BD0012516F /* Laika */ = {
			isa = PBXNativeTarget;
			buildConfigurationList = 086FBFEA18E0F1BD0012516F /* Build configuration list for PBXNativeTarget "Laika" */;
			buildPhases = (
				086FBFB418E0F1BD0012516F /* Sources */,
				086FBFB518E0F1BD0012516F /* Frameworks */,
				086FBFB618E0F1BD0012516F /* Resources */,
			);
			buildRules = (
			);
			dependencies = (
			);
			name = Laika;
			productName = Laika;
			productReference = 086FBFB818E0F1BD0012516F /* Laika.app */;
			productType = "com.apple.product-type.application";
		};
		086FBFD818E0F1BD0012516F /* LaikaTests */ = {
			isa = PBXNativeTarget;
			buildConfigurationList = 086FBFED18E0F1BD0012516F /* Build configuration list for PBXNativeTarget "LaikaTests" */;
			buildPhases = (
				086FBFD518E0F1BD0012516F /* Sources */,
				086FBFD618E0F1BD0012516F /* Frameworks */,
				086FBFD718E0F1BD0012516F /* Resources */,
			);
			buildRules = (
			);
			dependencies = (
				086FBFDF18E0F1BD0012516F /* PBXTargetDependency */,
			);
			name = LaikaTests;
			productName = LaikaTests;
			productReference = 086FBFD918E0F1BD0012516F /* LaikaTests.xctest */;
			productType = "com.apple.product-type.bundle.unit-test";
		};
/* End PBXNativeTarget section */

/* Begin PBXProject section */
		086FBFB018E0F1BD0012516F /* Project object */ = {
			isa = PBXProject;
			attributes = {
				CLASSPREFIX = MS;
				LastUpgradeCheck = 0500;
				ORGANIZATIONNAME = "Mat Sletten";
				TargetAttributes = {
					086FBFD818E0F1BD0012516F = {
						TestTargetID = 086FBFB718E0F1BD0012516F;
					};
				};
			};
			buildConfigurationList = 086FBFB318E0F1BD0012516F /* Build configuration list for PBXProject "Laika" */;
			compatibilityVersion = "Xcode 3.2";
			developmentRegion = English;
			hasScannedForEncodings = 0;
			knownRegions = (
				en,
				Base,
			);
			mainGroup = 086FBFAF18E0F1BD0012516F;
			productRefGroup = 086FBFB918E0F1BD0012516F /* Products */;
			projectDirPath = "";
			projectRoot = "";
			targets = (
				086FBFB718E0F1BD0012516F /* Laika */,
				086FBFD818E0F1BD0012516F /* LaikaTests */,
			);
		};
/* End PBXProject section */

/* Begin PBXResourcesBuildPhase section */
		086FBFB618E0F1BD0012516F /* Resources */ = {
			isa = PBXResourcesBuildPhase;
			buildActionMask = 2147483647;
			files = (
				086FBFD418E0F1BD0012516F /* Images.xcassets in Resources */,
				086FBFC618E0F1BD0012516F /* InfoPlist.strings in Resources */,
				086FBFF118E0F2CA0012516F /* laikBackground.jpg in Resources */,
				086FBFCF18E0F1BD0012516F /* Main.storyboard in Resources */,
			);
			runOnlyForDeploymentPostprocessing = 0;
		};
		086FBFD718E0F1BD0012516F /* Resources */ = {
			isa = PBXResourcesBuildPhase;
			buildActionMask = 2147483647;
			files = (
				086FBFE518E0F1BD0012516F /* InfoPlist.strings in Resources */,
			);
			runOnlyForDeploymentPostprocessing = 0;
		};
/* End PBXResourcesBuildPhase section */

/* Begin PBXSourcesBuildPhase section */
		086FBFB418E0F1BD0012516F /* Sources */ = {
			isa = PBXSourcesBuildPhase;
			buildActionMask = 2147483647;
			files = (
				086FBFCC18E0F1BD0012516F /* MSAppDelegate.m in Sources */,
				086FBFD218E0F1BD0012516F /* MSViewController.m in Sources */,
				086FBFC818E0F1BD0012516F /* main.m in Sources */,
			);
			runOnlyForDeploymentPostprocessing = 0;
		};
		086FBFD518E0F1BD0012516F /* Sources */ = {
			isa = PBXSourcesBuildPhase;
			buildActionMask = 2147483647;
			files = (
				086FBFE718E0F1BD0012516F /* LaikaTests.m in Sources */,
			);
			runOnlyForDeploymentPostprocessing = 0;
		};
/* End PBXSourcesBuildPhase section */

/* Begin PBXTargetDependency section */
		086FBFDF18E0F1BD0012516F /* PBXTargetDependency */ = {
			isa = PBXTargetDependency;
			target = 086FBFB718E0F1BD0012516F /* Laika */;
			targetProxy = 086FBFDE18E0F1BD0012516F /* PBXContainerItemProxy */;
		};
/* End PBXTargetDependency section */

/* Begin PBXVariantGroup section */
		086FBFC418E0F1BD0012516F /* InfoPlist.strings */ = {
			isa = PBXVariantGroup;
			children = (
				086FBFC518E0F1BD0012516F /* en */,
			);
			name = InfoPlist.strings;
			sourceTree = "<group>";
		};
		086FBFCD18E0F1BD0012516F /* Main.storyboard */ = {
			isa = PBXVariantGroup;
			children = (
				086FBFCE18E0F1BD0012516F /* Base */,
			);
			name = Main.storyboard;
			sourceTree = "<group>";
		};
		086FBFE318E0F1BD0012516F /* InfoPlist.strings */ = {
			isa = PBXVariantGroup;
			children = (
				086FBFE418E0F1BD0012516F /* en */,
			);
			name = InfoPlist.strings;
			sourceTree = "<group>";
		};
/* End PBXVariantGroup section */

/* Begin XCBuildConfiguration section */
		086FBFE818E0F1BD0012516F /* Debug */ = {
			isa = XCBuildConfiguration;
			buildSettings = {
				ALWAYS_SEARCH_USER_PATHS = NO;
				ARCHS = "$(ARCHS_STANDARD_INCLUDING_64_BIT)";
				CLANG_CXX_LANGUAGE_STANDARD = "gnu++0x";
				CLANG_CXX_LIBRARY = "libc++";
				CLANG_ENABLE_MODULES = YES;
				CLANG_ENABLE_OBJC_ARC = YES;
				CLANG_WARN_BOOL_CONVERSION = YES;
				CLANG_WARN_CONSTANT_CONVERSION = YES;
				CLANG_WARN_DIRECT_OBJC_ISA_USAGE = YES_ERROR;
				CLANG_WARN_EMPTY_BODY = YES;
				CLANG_WARN_ENUM_CONVERSION = YES;
				CLANG_WARN_INT_CONVERSION = YES;
				CLANG_WARN_OBJC_ROOT_CLASS = YES_ERROR;
				CLANG_WARN__DUPLICATE_METHOD_MATCH = YES;
				"CODE_SIGN_IDENTITY[sdk=iphoneos*]" = "iPhone Developer";
				COPY_PHASE_STRIP = NO;
				GCC_C_LANGUAGE_STANDARD = gnu99;
				GCC_DYNAMIC_NO_PIC = NO;
				GCC_OPTIMIZATION_LEVEL = 0;
				GCC_PREPROCESSOR_DEFINITIONS = (
					"DEBUG=1",
					"$(inherited)",
				);
				GCC_SYMBOLS_PRIVATE_EXTERN = NO;
				GCC_WARN_64_TO_32_BIT_CONVERSION = YES;
				GCC_WARN_ABOUT_RETURN_TYPE = YES_ERROR;
				GCC_WARN_UNDECLARED_SELECTOR = YES;
				GCC_WARN_UNINITIALIZED_AUTOS = YES;
				GCC_WARN_UNUSED_FUNCTION = YES;
				GCC_WARN_UNUSED_VARIABLE = YES;
				IPHONEOS_DEPLOYMENT_TARGET = 7.0;
				ONLY_ACTIVE_ARCH = YES;
				SDKROOT = iphoneos;
			};
			name = Debug;
		};
		086FBFE918E0F1BD0012516F /* Release */ = {
			isa = XCBuildConfiguration;
			buildSettings = {
				ALWAYS_SEARCH_USER_PATHS = NO;
				ARCHS = "$(ARCHS_STANDARD_INCLUDING_64_BIT)";
				CLANG_CXX_LANGUAGE_STANDARD = "gnu++0x";
				CLANG_CXX_LIBRARY = "libc++";
				CLANG_ENABLE_MODULES = YES;
				CLANG_ENABLE_OBJC_ARC = YES;
				CLANG_WARN_BOOL_CONVERSION = YES;
				CLANG_WARN_CONSTANT_CONVERSION = YES;
				CLANG_WARN_DIRECT_OBJC_ISA_USAGE = YES_ERROR;
				CLANG_WARN_EMPTY_BODY = YES;
				CLANG_WARN_ENUM_CONVERSION = YES;
				CLANG_WARN_INT_CONVERSION = YES;
				CLANG_WARN_OBJC_ROOT_CLASS = YES_ERROR;
				CLANG_WARN__DUPLICATE_METHOD_MATCH = YES;
				"CODE_SIGN_IDENTITY[sdk=iphoneos*]" = "iPhone Developer";
				COPY_PHASE_STRIP = YES;
				ENABLE_NS_ASSERTIONS = NO;
				GCC_C_LANGUAGE_STANDARD = gnu99;
				GCC_WARN_64_TO_32_BIT_CONVERSION = YES;
				GCC_WARN_ABOUT_RETURN_TYPE = YES_ERROR;
				GCC_WARN_UNDECLARED_SELECTOR = YES;
				GCC_WARN_UNINITIALIZED_AUTOS = YES;
				GCC_WARN_UNUSED_FUNCTION = YES;
				GCC_WARN_UNUSED_VARIABLE = YES;
				IPHONEOS_DEPLOYMENT_TARGET = 7.0;
				SDKROOT = iphoneos;
				VALIDATE_PRODUCT = YES;
			};
			name = Release;
		};
		086FBFEB18E0F1BD0012516F /* Debug */ = {
			isa = XCBuildConfiguration;
			buildSettings = {
				ASSETCATALOG_COMPILER_APPICON_NAME = AppIcon;
				ASSETCATALOG_COMPILER_LAUNCHIMAGE_NAME = LaunchImage;
				GCC_PRECOMPILE_PREFIX_HEADER = YES;
				GCC_PREFIX_HEADER = "Laika/Laika-Prefix.pch";
				INFOPLIST_FILE = "Laika/Laika-Info.plist";
				PRODUCT_NAME = "$(TARGET_NAME)";
				WRAPPER_EXTENSION = app;
			};
			name = Debug;
		};
		086FBFEC18E0F1BD0012516F /* Release */ = {
			isa = XCBuildConfiguration;
			buildSettings = {
				ASSETCATALOG_COMPILER_APPICON_NAME = AppIcon;
				ASSETCATALOG_COMPILER_LAUNCHIMAGE_NAME = LaunchImage;
				GCC_PRECOMPILE_PREFIX_HEADER = YES;
				GCC_PREFIX_HEADER = "Laika/Laika-Prefix.pch";
				INFOPLIST_FILE = "Laika/Laika-Info.plist";
				PRODUCT_NAME = "$(TARGET_NAME)";
				WRAPPER_EXTENSION = app;
			};
			name = Release;
		};
		086FBFEE18E0F1BD0012516F /* Debug */ = {
			isa = XCBuildConfiguration;
			buildSettings = {
				ARCHS = "$(ARCHS_STANDARD_INCLUDING_64_BIT)";
				BUNDLE_LOADER = "$(BUILT_PRODUCTS_DIR)/Laika.app/Laika";
				FRAMEWORK_SEARCH_PATHS = (
					"$(SDKROOT)/Developer/Library/Frameworks",
					"$(inherited)",
					"$(DEVELOPER_FRAMEWORKS_DIR)",
				);
				GCC_PRECOMPILE_PREFIX_HEADER = YES;
				GCC_PREFIX_HEADER = "Laika/Laika-Prefix.pch";
				GCC_PREPROCESSOR_DEFINITIONS = (
					"DEBUG=1",
					"$(inherited)",
				);
				INFOPLIST_FILE = "LaikaTests/LaikaTests-Info.plist";
				PRODUCT_NAME = "$(TARGET_NAME)";
				TEST_HOST = "$(BUNDLE_LOADER)";
				WRAPPER_EXTENSION = xctest;
			};
			name = Debug;
		};
		086FBFEF18E0F1BD0012516F /* Release */ = {
			isa = XCBuildConfiguration;
			buildSettings = {
				ARCHS = "$(ARCHS_STANDARD_INCLUDING_64_BIT)";
				BUNDLE_LOADER = "$(BUILT_PRODUCTS_DIR)/Laika.app/Laika";
				FRAMEWORK_SEARCH_PATHS = (
					"$(SDKROOT)/Developer/Library/Frameworks",
					"$(inherited)",
					"$(DEVELOPER_FRAMEWORKS_DIR)",
				);
				GCC_PRECOMPILE_PREFIX_HEADER = YES;
				GCC_PREFIX_HEADER = "Laika/Laika-Prefix.pch";
				INFOPLIST_FILE = "LaikaTests/LaikaTests-Info.plist";
				PRODUCT_NAME = "$(TARGET_NAME)";
				TEST_HOST = "$(BUNDLE_LOADER)";
				WRAPPER_EXTENSION = xctest;
			};
			name = Release;
		};
/* End XCBuildConfiguration section */

/* Begin XCConfigurationList section */
		086FBFB318E0F1BD0012516F /* Build configuration list for PBXProject "Laika" */ = {
			isa = XCConfigurationList;
			buildConfigurations = (
				086FBFE818E0F1BD0012516F /* Debug */,
				086FBFE918E0F1BD0012516F /* Release */,
			);
			defaultConfigurationIsVisible = 0;
			defaultConfigurationName = Release;
		};
		086FBFEA18E0F1BD0012516F /* Build configuration list for PBXNativeTarget "Laika" */ = {
			isa = XCConfigurationList;
			buildConfigurations = (
				086FBFEB18E0F1BD0012516F /* Debug */,
				086FBFEC18E0F1BD0012516F /* Release */,
			);
			defaultConfigurationIsVisible = 0;
		};
		086FBFED18E0F1BD0012516F /* Build configuration list for PBXNativeTarget "LaikaTests" */ = {
			isa = XCConfigurationList;
			buildConfigurations = (
				086FBFEE18E0F1BD0012516F /* Debug */,
				086FBFEF18E0F1BD0012516F /* Release */,
			);
			defaultConfigurationIsVisible = 0;
		};
/* End XCConfigurationList section */
	};
	rootObject = 086FBFB018E0F1BD0012516F /* Project object */;
}
